Microsoft Visual Studio Solution File, Format Version 12.00
# Visual Studio 14
VisualStudioVersion = 14.0.24720.0
MinimumVisualStudioVersion = 10.0.40219.1
Project("{FAE04EC0-301F-11D3-BF4B-00C04F79EFBC}") = "DevXUnityUnpackerRun", "DevXUnityUnpackerRun\DevXUnityUnpackerRun.csproj", "{D5364015-1320-4404-AADD-1007FC292089}"
EndProject
Project("{FAE04EC0-301F-11D3-BF4B-00C04F79EFBC}") = "DevXUnityUnpackerUnityCommon", "DevXUnityUnpackerUnityCommon\DevXUnityUnpackerUnityCommon.csproj", "{F83F28D0-92CD-4851-B3A6-E6B8BD9FC422}"
EndProject
Project("{FAE04EC0-301F-11D3-BF4B-00C04F79EFBC}") = "HelixToolkit.Wpf", "HelixToolkit.Wpf\HelixToolkit.Wpf.csproj", "{990821C7-9649-4BB5-94F5-A60C38A917D8}"
EndProject
Project("{FAE04EC0-301F-11D3-BF4B-00C04F79EFBC}") = "ICSharpCode.TextEditor", "ICSharpCode.TextEditor\ICSharpCode.TextEditor.csproj", "{3DFAC180-61DD-4CCE-AA99-FA29B3868DB4}"
EndProject
Project("{FAE04EC0-301F-11D3-BF4B-00C04F79EFBC}") = "Mon2.Cecil", "Mon2.Cecil\Mon2.Cecil.csproj", "{197AEDE5-B9AB-49C1-B734-5702DDD000AD}"
EndProject
Project("{FAE04EC0-301F-11D3-BF4B-00C04F79EFBC}") = "Mon3.Cecil", "Mon3.Cecil\Mon3.Cecil.csproj", "{2CE95F13-0AA2-4B6F-903D-D53452013101}"
EndProject
Project("{FAE04EC0-301F-11D3-BF4B-00C04F79EFBC}") = "Pngcs", "Pngcs\Pngcs.csproj", "{3A8E2B80-3423-46E7-9F23-77063E126B09}"
EndProject
Project("{FAE04EC0-301F-11D3-BF4B-00C04F79EFBC}") = "DecompilerFi", "DecompilerFi\DecompilerFi.csproj", "{AE67AB61-00DD-4E9F-987C-9FB796051D07}"
EndProject
Project("{FAE04EC0-301F-11D3-BF4B-00C04F79EFBC}") = "DecompilerPreFi", "DecompilerPreFi\DecompilerPreFi.csproj", "{265108BD-90B7-4C21-B6FF-0B98573F3D17}"
EndProject
Project("{FAE04EC0-301F-11D3-BF4B-00C04F79EFBC}") = "Humanizer", "Humanizer\Humanizer.csproj", "{8C296955-8942-44C1-B8CF-32C334956399}"
EndProject
Project("{FAE04EC0-301F-11D3-BF4B-00C04F79EFBC}") = "ICSharpCode.AvalonEdit", "ICSharpCode.AvalonEdit\ICSharpCode.AvalonEdit.csproj", "{451797FC-F1BB-41F2-BC66-D950EA8F794C}"
EndProject
Project("{FAE04EC0-301F-11D3-BF4B-00C04F79EFBC}") = "McMaster.Extensions.CommandLineUtils", "McMaster.Extensions.CommandLineUtils\McMaster.Extensions.CommandLineUtils.csproj", "{3F6AF598-75CA-443E-9176-386903AB2863}"
EndProject
Project("{FAE04EC0-301F-11D3-BF4B-00C04F79EFBC}") = "Microsoft.DiaSymReader.Converter.Xml", "Microsoft.DiaSymReader.Converter.Xml\Microsoft.DiaSymReader.Converter.Xml.csproj", "{3B73631C-D049-4B60-97B8-02E7C82ECB35}"
EndProject
Project("{FAE04EC0-301F-11D3-BF4B-00C04F79EFBC}") = "Microsoft.DiaSymReader", "Microsoft.DiaSymReader\Microsoft.DiaSymReader.csproj", "{267F0D94-F7EC-4990-8134-F8DD3D69F9D4}"
EndProject
Project("{FAE04EC0-301F-11D3-BF4B-00C04F79EFBC}") = "Microsoft.DiaSymReader.PortablePdb", "Microsoft.DiaSymReader.PortablePdb\Microsoft.DiaSymReader.PortablePdb.csproj", "{162FCCCA-81CD-4C29-92D0-3334D209E233}"
EndProject
Project("{FAE04EC0-301F-11D3-BF4B-00C04F79EFBC}") = "Microsoft.VisualStudio.Composition", "Microsoft.VisualStudio.Composition\Microsoft.VisualStudio.Composition.csproj", "{BE6BCC4D-E17B-45DF-A398-C95AF6651E97}"
EndProject
Project("{FAE04EC0-301F-11D3-BF4B-00C04F79EFBC}") = "Microsoft.VisualStudio.Validation", "Microsoft.VisualStudio.Validation\Microsoft.VisualStudio.Validation.csproj", "{725D554C-073D-4588-8FD1-144F5EA85A90}"
EndProject
Project("{FAE04EC0-301F-11D3-BF4B-00C04F79EFBC}") = "Mono.Cecil", "Mono.Cecil\Mono.Cecil.csproj", "{A2A83478-EEB2-494F-9899-426AFB3587E2}"
EndProject
Project("{FAE04EC0-301F-11D3-BF4B-00C04F79EFBC}") = "Mono.Cecil.Mdb", "Mono.Cecil.Mdb\Mono.Cecil.Mdb.csproj", "{071DCC6B-4180-4B4E-AA8F-68F633F8A173}"
EndProject
Project("{FAE04EC0-301F-11D3-BF4B-00C04F79EFBC}") = "Mono.Cecil.Pdb", "Mono.Cecil.Pdb\Mono.Cecil.Pdb.csproj", "{07C5D7BB-CA65-4AC6-93F1-BB466CCC06E0}"
EndProject
Project("{FAE04EC0-301F-11D3-BF4B-00C04F79EFBC}") = "Mono.Cecil.Rocks", "Mono.Cecil.Rocks\Mono.Cecil.Rocks.csproj", "{5EE82E41-909E-43BA-A778-1E3F79D1CD67}"
EndProject
Project("{FAE04EC0-301F-11D3-BF4B-00C04F79EFBC}") = "System.Composition.AttributedModel", "System.Composition.AttributedModel\System.Composition.AttributedModel.csproj", "{F478F86D-2C2D-4233-88F0-B15695FA8FA3}"
EndProject
Project("{FAE04EC0-301F-11D3-BF4B-00C04F79EFBC}") = "System.Composition.Convention", "System.Composition.Convention\System.Composition.Convention.csproj", "{4D4B49B3-3FAE-4A57-BC7B-AA161AE0579A}"
EndProject
Project("{FAE04EC0-301F-11D3-BF4B-00C04F79EFBC}") = "System.Composition.Hosting", "System.Composition.Hosting\System.Composition.Hosting.csproj", "{075D0BBB-47A4-4E76-B55A-4B3F01E1E734}"
EndProject
Project("{FAE04EC0-301F-11D3-BF4B-00C04F79EFBC}") = "System.Composition.Runtime", "System.Composition.Runtime\System.Composition.Runtime.csproj", "{9D503C86-2803-4B08-B0E3-920E3BBC152B}"
EndProject
Project("{FAE04EC0-301F-11D3-BF4B-00C04F79EFBC}") = "System.Composition.TypedParts", "System.Composition.TypedParts\System.Composition.TypedParts.csproj", "{CF38D7E4-1D71-453D-8FB2-7C7C0CBBDE80}"
EndProject
Project("{FAE04EC0-301F-11D3-BF4B-00C04F79EFBC}") = "DevXUnityScriptManager", "DevXUnityScriptManager\DevXUnityScriptManager.csproj", "{C810330F-D3D9-410B-89DC-6A3B9AB434DC}"
EndProject
Project("{FAE04EC0-301F-11D3-BF4B-00C04F79EFBC}") = "dnlib", "dnlib\dnlib.csproj", "{64EE5CB7-1166-4917-B1F1-F61D7BDF7DD0}"
EndProject
Project("{FAE04EC0-301F-11D3-BF4B-00C04F79EFBC}") = "dnSpy.Console", "dnSpy.Console\dnSpy.Console.csproj", "{0803322C-A917-4603-B3CF-275D948782DF}"
EndProject
Project("{FAE04EC0-301F-11D3-BF4B-00C04F79EFBC}") = "dnSpy.Contracts.Logic", "dnSpy.Contracts.Logic\dnSpy.Contracts.Logic.csproj", "{5277EA60-BB4D-4FA7-876A-B9F33C3961A3}"
EndProject
Project("{FAE04EC0-301F-11D3-BF4B-00C04F79EFBC}") = "dnSpy.Decompiler", "dnSpy.Decompiler\dnSpy.Decompiler.csproj", "{E57CAEF4-3403-4F1D-8C50-F38AC289D288}"
EndProject
Project("{FAE04EC0-301F-11D3-BF4B-00C04F79EFBC}") = "dnSpy.Decompiler.ILSpy.Core", "dnSpy.Decompiler.ILSpy.Core\dnSpy.Decompiler.ILSpy.Core.csproj", "{AFC6A6EC-203D-467D-BF41-4727A2474DFB}"
EndProject
Project("{FAE04EC0-301F-11D3-BF4B-00C04F79EFBC}") = "ICSharpCode.Decompiler", "ICSharpCode.Decompiler\ICSharpCode.Decompiler.csproj", "{B25C44A3-4584-488A-BAFC-84A91455A34C}"
EndProject
Project("{FAE04EC0-301F-11D3-BF4B-00C04F79EFBC}") = "ICSharpCode.NRefactory.CSharp", "ICSharpCode.NRefactory.CSharp\ICSharpCode.NRefactory.CSharp.csproj", "{A3DE366B-FA79-4914-9874-C82323A240A5}"
EndProject
Project("{FAE04EC0-301F-11D3-BF4B-00C04F79EFBC}") = "ICSharpCode.NRefactory", "ICSharpCode.NRefactory\ICSharpCode.NRefactory.csproj", "{2F484F1C-2B7D-4E37-9B21-845B9EE7FFAC}"
EndProject
Project("{FAE04EC0-301F-11D3-BF4B-00C04F79EFBC}") = "ICSharpCode.NRefactory.VB", "ICSharpCode.NRefactory.VB\ICSharpCode.NRefactory.VB.csproj", "{D35A21CB-BBA4-4388-BF38-BC3EC68E58F9}"
EndProject
Project("{FAE04EC0-301F-11D3-BF4B-00C04F79EFBC}") = "Magick.NET-Q8-AnyCPU", "Magick.NET-Q8-AnyCPU\Magick.NET-Q8-AnyCPU.csproj", "{0233A35B-5C37-4F4E-ABF6-BBB5CA52B345}"
EndProject
Global
	GlobalSection(SolutionConfigurationPlatforms) = preSolution
		Debug|AnyCPU = Debug|AnyCPU
		Release|AnyCPU = Release|AnyCPU
	EndGlobalSection
	GlobalSection(ProjectConfigurationPlatforms) = postSolution
		{D5364015-1320-4404-AADD-1007FC292089}.Debug|AnyCPU.ActiveCfg = Debug|AnyCPU
		{D5364015-1320-4404-AADD-1007FC292089}.Debug|AnyCPU.Build.0 = Debug|AnyCPU
		{D5364015-1320-4404-AADD-1007FC292089}.Release|AnyCPU.ActiveCfg = Release|AnyCPU
		{D5364015-1320-4404-AADD-1007FC292089}.Release|AnyCPU.Build.0 = Release|AnyCPU
		{F83F28D0-92CD-4851-B3A6-E6B8BD9FC422}.Debug|AnyCPU.ActiveCfg = Debug|AnyCPU
		{F83F28D0-92CD-4851-B3A6-E6B8BD9FC422}.Debug|AnyCPU.Build.0 = Debug|AnyCPU
		{F83F28D0-92CD-4851-B3A6-E6B8BD9FC422}.Release|AnyCPU.ActiveCfg = Release|AnyCPU
		{F83F28D0-92CD-4851-B3A6-E6B8BD9FC422}.Release|AnyCPU.Build.0 = Release|AnyCPU
		{990821C7-9649-4BB5-94F5-A60C38A917D8}.Debug|AnyCPU.ActiveCfg = Debug|AnyCPU
		{990821C7-9649-4BB5-94F5-A60C38A917D8}.Debug|AnyCPU.Build.0 = Debug|AnyCPU
		{990821C7-9649-4BB5-94F5-A60C38A917D8}.Release|AnyCPU.ActiveCfg = Release|AnyCPU
		{990821C7-9649-4BB5-94F5-A60C38A917D8}.Release|AnyCPU.Build.0 = Release|AnyCPU
		{3DFAC180-61DD-4CCE-AA99-FA29B3868DB4}.Debug|AnyCPU.ActiveCfg = Debug|AnyCPU
		{3DFAC180-61DD-4CCE-AA99-FA29B3868DB4}.Debug|AnyCPU.Build.0 = Debug|AnyCPU
		{3DFAC180-61DD-4CCE-AA99-FA29B3868DB4}.Release|AnyCPU.ActiveCfg = Release|AnyCPU
		{3DFAC180-61DD-4CCE-AA99-FA29B3868DB4}.Release|AnyCPU.Build.0 = Release|AnyCPU
		{197AEDE5-B9AB-49C1-B734-5702DDD000AD}.Debug|AnyCPU.ActiveCfg = Debug|AnyCPU
		{197AEDE5-B9AB-49C1-B734-5702DDD000AD}.Debug|AnyCPU.Build.0 = Debug|AnyCPU
		{197AEDE5-B9AB-49C1-B734-5702DDD000AD}.Release|AnyCPU.ActiveCfg = Release|AnyCPU
		{197AEDE5-B9AB-49C1-B734-5702DDD000AD}.Release|AnyCPU.Build.0 = Release|AnyCPU
		{2CE95F13-0AA2-4B6F-903D-D53452013101}.Debug|AnyCPU.ActiveCfg = Debug|AnyCPU
		{2CE95F13-0AA2-4B6F-903D-D53452013101}.Debug|AnyCPU.Build.0 = Debug|AnyCPU
		{2CE95F13-0AA2-4B6F-903D-D53452013101}.Release|AnyCPU.ActiveCfg = Release|AnyCPU
		{2CE95F13-0AA2-4B6F-903D-D53452013101}.Release|AnyCPU.Build.0 = Release|AnyCPU
		{3A8E2B80-3423-46E7-9F23-77063E126B09}.Debug|AnyCPU.ActiveCfg = Debug|AnyCPU
		{3A8E2B80-3423-46E7-9F23-77063E126B09}.Debug|AnyCPU.Build.0 = Debug|AnyCPU
		{3A8E2B80-3423-46E7-9F23-77063E126B09}.Release|AnyCPU.ActiveCfg = Release|AnyCPU
		{3A8E2B80-3423-46E7-9F23-77063E126B09}.Release|AnyCPU.Build.0 = Release|AnyCPU
		{AE67AB61-00DD-4E9F-987C-9FB796051D07}.Debug|AnyCPU.ActiveCfg = Debug|AnyCPU
		{AE67AB61-00DD-4E9F-987C-9FB796051D07}.Debug|AnyCPU.Build.0 = Debug|AnyCPU
		{AE67AB61-00DD-4E9F-987C-9FB796051D07}.Release|AnyCPU.ActiveCfg = Release|AnyCPU
		{AE67AB61-00DD-4E9F-987C-9FB796051D07}.Release|AnyCPU.Build.0 = Release|AnyCPU
		{265108BD-90B7-4C21-B6FF-0B98573F3D17}.Debug|AnyCPU.ActiveCfg = Debug|AnyCPU
		{265108BD-90B7-4C21-B6FF-0B98573F3D17}.Debug|AnyCPU.Build.0 = Debug|AnyCPU
		{265108BD-90B7-4C21-B6FF-0B98573F3D17}.Release|AnyCPU.ActiveCfg = Release|AnyCPU
		{265108BD-90B7-4C21-B6FF-0B98573F3D17}.Release|AnyCPU.Build.0 = Release|AnyCPU
		{8C296955-8942-44C1-B8CF-32C334956399}.Debug|AnyCPU.ActiveCfg = Debug|AnyCPU
		{8C296955-8942-44C1-B8CF-32C334956399}.Debug|AnyCPU.Build.0 = Debug|AnyCPU
		{8C296955-8942-44C1-B8CF-32C334956399}.Release|AnyCPU.ActiveCfg = Release|AnyCPU
		{8C296955-8942-44C1-B8CF-32C334956399}.Release|AnyCPU.Build.0 = Release|AnyCPU
		{451797FC-F1BB-41F2-BC66-D950EA8F794C}.Debug|AnyCPU.ActiveCfg = Debug|AnyCPU
		{451797FC-F1BB-41F2-BC66-D950EA8F794C}.Debug|AnyCPU.Build.0 = Debug|AnyCPU
		{451797FC-F1BB-41F2-BC66-D950EA8F794C}.Release|AnyCPU.ActiveCfg = Release|AnyCPU
		{451797FC-F1BB-41F2-BC66-D950EA8F794C}.Release|AnyCPU.Build.0 = Release|AnyCPU
		{3F6AF598-75CA-443E-9176-386903AB2863}.Debug|AnyCPU.ActiveCfg = Debug|AnyCPU
		{3F6AF598-75CA-443E-9176-386903AB2863}.Debug|AnyCPU.Build.0 = Debug|AnyCPU
		{3F6AF598-75CA-443E-9176-386903AB2863}.Release|AnyCPU.ActiveCfg = Release|AnyCPU
		{3F6AF598-75CA-443E-9176-386903AB2863}.Release|AnyCPU.Build.0 = Release|AnyCPU
		{3B73631C-D049-4B60-97B8-02E7C82ECB35}.Debug|AnyCPU.ActiveCfg = Debug|AnyCPU
		{3B73631C-D049-4B60-97B8-02E7C82ECB35}.Debug|AnyCPU.Build.0 = Debug|AnyCPU
		{3B73631C-D049-4B60-97B8-02E7C82ECB35}.Release|AnyCPU.ActiveCfg = Release|AnyCPU
		{3B73631C-D049-4B60-97B8-02E7C82ECB35}.Release|AnyCPU.Build.0 = Release|AnyCPU
		{267F0D94-F7EC-4990-8134-F8DD3D69F9D4}.Debug|AnyCPU.ActiveCfg = Debug|AnyCPU
		{267F0D94-F7EC-4990-8134-F8DD3D69F9D4}.Debug|AnyCPU.Build.0 = Debug|AnyCPU
		{267F0D94-F7EC-4990-8134-F8DD3D69F9D4}.Release|AnyCPU.ActiveCfg = Release|AnyCPU
		{267F0D94-F7EC-4990-8134-F8DD3D69F9D4}.Release|AnyCPU.Build.0 = Release|AnyCPU
		{162FCCCA-81CD-4C29-92D0-3334D209E233}.Debug|AnyCPU.ActiveCfg = Debug|AnyCPU
		{162FCCCA-81CD-4C29-92D0-3334D209E233}.Debug|AnyCPU.Build.0 = Debug|AnyCPU
		{162FCCCA-81CD-4C29-92D0-3334D209E233}.Release|AnyCPU.ActiveCfg = Release|AnyCPU
		{162FCCCA-81CD-4C29-92D0-3334D209E233}.Release|AnyCPU.Build.0 = Release|AnyCPU
		{BE6BCC4D-E17B-45DF-A398-C95AF6651E97}.Debug|AnyCPU.ActiveCfg = Debug|AnyCPU
		{BE6BCC4D-E17B-45DF-A398-C95AF6651E97}.Debug|AnyCPU.Build.0 = Debug|AnyCPU
		{BE6BCC4D-E17B-45DF-A398-C95AF6651E97}.Release|AnyCPU.ActiveCfg = Release|AnyCPU
		{BE6BCC4D-E17B-45DF-A398-C95AF6651E97}.Release|AnyCPU.Build.0 = Release|AnyCPU
		{725D554C-073D-4588-8FD1-144F5EA85A90}.Debug|AnyCPU.ActiveCfg = Debug|AnyCPU
		{725D554C-073D-4588-8FD1-144F5EA85A90}.Debug|AnyCPU.Build.0 = Debug|AnyCPU
		{725D554C-073D-4588-8FD1-144F5EA85A90}.Release|AnyCPU.ActiveCfg = Release|AnyCPU
		{725D554C-073D-4588-8FD1-144F5EA85A90}.Release|AnyCPU.Build.0 = Release|AnyCPU
		{A2A83478-EEB2-494F-9899-426AFB3587E2}.Debug|AnyCPU.ActiveCfg = Debug|AnyCPU
		{A2A83478-EEB2-494F-9899-426AFB3587E2}.Debug|AnyCPU.Build.0 = Debug|AnyCPU
		{A2A83478-EEB2-494F-9899-426AFB3587E2}.Release|AnyCPU.ActiveCfg = Release|AnyCPU
		{A2A83478-EEB2-494F-9899-426AFB3587E2}.Release|AnyCPU.Build.0 = Release|AnyCPU
		{071DCC6B-4180-4B4E-AA8F-68F633F8A173}.Debug|AnyCPU.ActiveCfg = Debug|AnyCPU
		{071DCC6B-4180-4B4E-AA8F-68F633F8A173}.Debug|AnyCPU.Build.0 = Debug|AnyCPU
		{071DCC6B-4180-4B4E-AA8F-68F633F8A173}.Release|AnyCPU.ActiveCfg = Release|AnyCPU
		{071DCC6B-4180-4B4E-AA8F-68F633F8A173}.Release|AnyCPU.Build.0 = Release|AnyCPU
		{07C5D7BB-CA65-4AC6-93F1-BB466CCC06E0}.Debug|AnyCPU.ActiveCfg = Debug|AnyCPU
		{07C5D7BB-CA65-4AC6-93F1-BB466CCC06E0}.Debug|AnyCPU.Build.0 = Debug|AnyCPU
		{07C5D7BB-CA65-4AC6-93F1-BB466CCC06E0}.Release|AnyCPU.ActiveCfg = Release|AnyCPU
		{07C5D7BB-CA65-4AC6-93F1-BB466CCC06E0}.Release|AnyCPU.Build.0 = Release|AnyCPU
		{5EE82E41-909E-43BA-A778-1E3F79D1CD67}.Debug|AnyCPU.ActiveCfg = Debug|AnyCPU
		{5EE82E41-909E-43BA-A778-1E3F79D1CD67}.Debug|AnyCPU.Build.0 = Debug|AnyCPU
		{5EE82E41-909E-43BA-A778-1E3F79D1CD67}.Release|AnyCPU.ActiveCfg = Release|AnyCPU
		{5EE82E41-909E-43BA-A778-1E3F79D1CD67}.Release|AnyCPU.Build.0 = Release|AnyCPU
		{F478F86D-2C2D-4233-88F0-B15695FA8FA3}.Debug|AnyCPU.ActiveCfg = Debug|AnyCPU
		{F478F86D-2C2D-4233-88F0-B15695FA8FA3}.Debug|AnyCPU.Build.0 = Debug|AnyCPU
		{F478F86D-2C2D-4233-88F0-B15695FA8FA3}.Release|AnyCPU.ActiveCfg = Release|AnyCPU
		{F478F86D-2C2D-4233-88F0-B15695FA8FA3}.Release|AnyCPU.Build.0 = Release|AnyCPU
		{4D4B49B3-3FAE-4A57-BC7B-AA161AE0579A}.Debug|AnyCPU.ActiveCfg = Debug|AnyCPU
		{4D4B49B3-3FAE-4A57-BC7B-AA161AE0579A}.Debug|AnyCPU.Build.0 = Debug|AnyCPU
		{4D4B49B3-3FAE-4A57-BC7B-AA161AE0579A}.Release|AnyCPU.ActiveCfg = Release|AnyCPU
		{4D4B49B3-3FAE-4A57-BC7B-AA161AE0579A}.Release|AnyCPU.Build.0 = Release|AnyCPU
		{075D0BBB-47A4-4E76-B55A-4B3F01E1E734}.Debug|AnyCPU.ActiveCfg = Debug|AnyCPU
		{075D0BBB-47A4-4E76-B55A-4B3F01E1E734}.Debug|AnyCPU.Build.0 = Debug|AnyCPU
		{075D0BBB-47A4-4E76-B55A-4B3F01E1E734}.Release|AnyCPU.ActiveCfg = Release|AnyCPU
		{075D0BBB-47A4-4E76-B55A-4B3F01E1E734}.Release|AnyCPU.Build.0 = Release|AnyCPU
		{9D503C86-2803-4B08-B0E3-920E3BBC152B}.Debug|AnyCPU.ActiveCfg = Debug|AnyCPU
		{9D503C86-2803-4B08-B0E3-920E3BBC152B}.Debug|AnyCPU.Build.0 = Debug|AnyCPU
		{9D503C86-2803-4B08-B0E3-920E3BBC152B}.Release|AnyCPU.ActiveCfg = Release|AnyCPU
		{9D503C86-2803-4B08-B0E3-920E3BBC152B}.Release|AnyCPU.Build.0 = Release|AnyCPU
		{CF38D7E4-1D71-453D-8FB2-7C7C0CBBDE80}.Debug|AnyCPU.ActiveCfg = Debug|AnyCPU
		{CF38D7E4-1D71-453D-8FB2-7C7C0CBBDE80}.Debug|AnyCPU.Build.0 = Debug|AnyCPU
		{CF38D7E4-1D71-453D-8FB2-7C7C0CBBDE80}.Release|AnyCPU.ActiveCfg = Release|AnyCPU
		{CF38D7E4-1D71-453D-8FB2-7C7C0CBBDE80}.Release|AnyCPU.Build.0 = Release|AnyCPU
		{C810330F-D3D9-410B-89DC-6A3B9AB434DC}.Debug|AnyCPU.ActiveCfg = Debug|AnyCPU
		{C810330F-D3D9-410B-89DC-6A3B9AB434DC}.Debug|AnyCPU.Build.0 = Debug|AnyCPU
		{C810330F-D3D9-410B-89DC-6A3B9AB434DC}.Release|AnyCPU.ActiveCfg = Release|AnyCPU
		{C810330F-D3D9-410B-89DC-6A3B9AB434DC}.Release|AnyCPU.Build.0 = Release|AnyCPU
		{64EE5CB7-1166-4917-B1F1-F61D7BDF7DD0}.Debug|AnyCPU.ActiveCfg = Debug|AnyCPU
		{64EE5CB7-1166-4917-B1F1-F61D7BDF7DD0}.Debug|AnyCPU.Build.0 = Debug|AnyCPU
		{64EE5CB7-1166-4917-B1F1-F61D7BDF7DD0}.Release|AnyCPU.ActiveCfg = Release|AnyCPU
		{64EE5CB7-1166-4917-B1F1-F61D7BDF7DD0}.Release|AnyCPU.Build.0 = Release|AnyCPU
		{0803322C-A917-4603-B3CF-275D948782DF}.Debug|AnyCPU.ActiveCfg = Debug|AnyCPU
		{0803322C-A917-4603-B3CF-275D948782DF}.Debug|AnyCPU.Build.0 = Debug|AnyCPU
		{0803322C-A917-4603-B3CF-275D948782DF}.Release|AnyCPU.ActiveCfg = Release|AnyCPU
		{0803322C-A917-4603-B3CF-275D948782DF}.Release|AnyCPU.Build.0 = Release|AnyCPU
		{5277EA60-BB4D-4FA7-876A-B9F33C3961A3}.Debug|AnyCPU.ActiveCfg = Debug|AnyCPU
		{5277EA60-BB4D-4FA7-876A-B9F33C3961A3}.Debug|AnyCPU.Build.0 = Debug|AnyCPU
		{5277EA60-BB4D-4FA7-876A-B9F33C3961A3}.Release|AnyCPU.ActiveCfg = Release|AnyCPU
		{5277EA60-BB4D-4FA7-876A-B9F33C3961A3}.Release|AnyCPU.Build.0 = Release|AnyCPU
		{E57CAEF4-3403-4F1D-8C50-F38AC289D288}.Debug|AnyCPU.ActiveCfg = Debug|AnyCPU
		{E57CAEF4-3403-4F1D-8C50-F38AC289D288}.Debug|AnyCPU.Build.0 = Debug|AnyCPU
		{E57CAEF4-3403-4F1D-8C50-F38AC289D288}.Release|AnyCPU.ActiveCfg = Release|AnyCPU
		{E57CAEF4-3403-4F1D-8C50-F38AC289D288}.Release|AnyCPU.Build.0 = Release|AnyCPU
		{AFC6A6EC-203D-467D-BF41-4727A2474DFB}.Debug|AnyCPU.ActiveCfg = Debug|AnyCPU
		{AFC6A6EC-203D-467D-BF41-4727A2474DFB}.Debug|AnyCPU.Build.0 = Debug|AnyCPU
		{AFC6A6EC-203D-467D-BF41-4727A2474DFB}.Release|AnyCPU.ActiveCfg = Release|AnyCPU
		{AFC6A6EC-203D-467D-BF41-4727A2474DFB}.Release|AnyCPU.Build.0 = Release|AnyCPU
		{B25C44A3-4584-488A-BAFC-84A91455A34C}.Debug|AnyCPU.ActiveCfg = Debug|AnyCPU
		{B25C44A3-4584-488A-BAFC-84A91455A34C}.Debug|AnyCPU.Build.0 = Debug|AnyCPU
		{B25C44A3-4584-488A-BAFC-84A91455A34C}.Release|AnyCPU.ActiveCfg = Release|AnyCPU
		{B25C44A3-4584-488A-BAFC-84A91455A34C}.Release|AnyCPU.Build.0 = Release|AnyCPU
		{A3DE366B-FA79-4914-9874-C82323A240A5}.Debug|AnyCPU.ActiveCfg = Debug|AnyCPU
		{A3DE366B-FA79-4914-9874-C82323A240A5}.Debug|AnyCPU.Build.0 = Debug|AnyCPU
		{A3DE366B-FA79-4914-9874-C82323A240A5}.Release|AnyCPU.ActiveCfg = Release|AnyCPU
		{A3DE366B-FA79-4914-9874-C82323A240A5}.Release|AnyCPU.Build.0 = Release|AnyCPU
		{2F484F1C-2B7D-4E37-9B21-845B9EE7FFAC}.Debug|AnyCPU.ActiveCfg = Debug|AnyCPU
		{2F484F1C-2B7D-4E37-9B21-845B9EE7FFAC}.Debug|AnyCPU.Build.0 = Debug|AnyCPU
		{2F484F1C-2B7D-4E37-9B21-845B9EE7FFAC}.Release|AnyCPU.ActiveCfg = Release|AnyCPU
		{2F484F1C-2B7D-4E37-9B21-845B9EE7FFAC}.Release|AnyCPU.Build.0 = Release|AnyCPU
		{D35A21CB-BBA4-4388-BF38-BC3EC68E58F9}.Debug|AnyCPU.ActiveCfg = Debug|AnyCPU
		{D35A21CB-BBA4-4388-BF38-BC3EC68E58F9}.Debug|AnyCPU.Build.0 = Debug|AnyCPU
		{D35A21CB-BBA4-4388-BF38-BC3EC68E58F9}.Release|AnyCPU.ActiveCfg = Release|AnyCPU
		{D35A21CB-BBA4-4388-BF38-BC3EC68E58F9}.Release|AnyCPU.Build.0 = Release|AnyCPU
		{0233A35B-5C37-4F4E-ABF6-BBB5CA52B345}.Debug|AnyCPU.ActiveCfg = Debug|AnyCPU
		{0233A35B-5C37-4F4E-ABF6-BBB5CA52B345}.Debug|AnyCPU.Build.0 = Debug|AnyCPU
		{0233A35B-5C37-4F4E-ABF6-BBB5CA52B345}.Release|AnyCPU.ActiveCfg = Release|AnyCPU
		{0233A35B-5C37-4F4E-ABF6-BBB5CA52B345}.Release|AnyCPU.Build.0 = Release|AnyCPU
	EndGlobalSection
	GlobalSection(SolutionProperties) = preSolution
		HideSolutionNode = FALSE
	EndGlobalSection
EndGlobal
